<?xml version="1.0" encoding="UTF-8" standalone="yes" ?>
<CodeBlocks_project_file>
	<FileVersion major="1" minor="6" />
	<Project>
		<Option title="bicicleteria" />
		<Option pch_mode="2" />
		<Option compiler="gcc" />
		<Build>
			<Target title="Debug">
				<Option output="bin/Debug/bicicleteria" prefix_auto="1" extension_auto="1" />
				<Option object_output="obj/Debug/" />
				<Option type="1" />
				<Option compiler="gcc" />
				<Compiler>
					<Add option="-g" />
					<Add directory="include" />
				</Compiler>
			</Target>
			<Target title="Release">
				<Option output="bin/Release/bicicleteria" prefix_auto="1" extension_auto="1" />
				<Option object_output="obj/Release/" />
				<Option type="1" />
				<Option compiler="gcc" />
				<Compiler>
					<Add option="-O2" />
					<Add directory="include" />
				</Compiler>
				<Linker>
					<Add option="-s" />
				</Linker>
			</Target>
		</Build>
		<Compiler>
			<Add option="-Wall" />
			<Add option="-fexceptions" />
		</Compiler>
		<Unit filename="include/C_Compras.h" />
		<Unit filename="include/C_Fecha.h" />
		<Unit filename="include/C_Ventas.h" />
		<Unit filename="include/Cliente.h" />
		<Unit filename="include/Compras.h" />
		<Unit filename="include/Fecha.h" />
		<Unit filename="include/Persona.h" />
		<Unit filename="include/Producto.h" />
		<Unit filename="include/Proveedor.h" />
		<Unit filename="include/Validar.h" />
		<Unit filename="include/Ventas.h" />
		<Unit filename="include/configuracion.h" />
		<Unit filename="include/reportes.h" />
		<Unit filename="main.cpp" />
		<Extensions>
			<code_completion />
			<envvars />
			<debugger />
			<lib_finder disable_auto="1" />
		</Extensions>
	</Project>
</CodeBlocks_project_file>
